// !$*UTF8*$!
{
	archiveVersion = 1;
	classes = {
	};
	objectVersion = 56;
	objects = {

/* Begin PBXBuildFile section */
		CE2967BC29A01D630090F801 /* WordleCloneApp.swift in Sources */ = {isa = PBXBuildFile; fileRef = CE2967BB29A01D630090F801 /* WordleCloneApp.swift */; };
		CE2967BE29A01D630090F801 /* ContentView.swift in Sources */ = {isa = PBXBuildFile; fileRef = CE2967BD29A01D630090F801 /* ContentView.swift */; };
		CE2967C029A01D640090F801 /* Assets.xcassets in Resources */ = {isa = PBXBuildFile; fileRef = CE2967BF29A01D640090F801 /* Assets.xcassets */; };
		CE2967C329A01D640090F801 /* Preview Assets.xcassets in Resources */ = {isa = PBXBuildFile; fileRef = CE2967C229A01D640090F801 /* Preview Assets.xcassets */; };
		CE2967CA29A01D910090F801 /* sample list of words.swift in Sources */ = {isa = PBXBuildFile; fileRef = CE2967C929A01D910090F801 /* sample list of words.swift */; };
		CE2967CD29A01EB50090F801 /* LetterBox.swift in Sources */ = {isa = PBXBuildFile; fileRef = CE2967CC29A01EB50090F801 /* LetterBox.swift */; };
		CE2967D129A021670090F801 /* Game.swift in Sources */ = {isa = PBXBuildFile; fileRef = CE2967D029A021670090F801 /* Game.swift */; };
		CE2967D329A02A370090F801 /* Models.swift in Sources */ = {isa = PBXBuildFile; fileRef = CE2967D229A02A370090F801 /* Models.swift */; };
		CE2967D529A103E60090F801 /* GameBoard.swift in Sources */ = {isa = PBXBuildFile; fileRef = CE2967D429A103E60090F801 /* GameBoard.swift */; };
		CE2967D729A14A370090F801 /* GameRow.swift in Sources */ = {isa = PBXBuildFile; fileRef = CE2967D629A14A370090F801 /* GameRow.swift */; };
/* End PBXBuildFile section */

/* Begin PBXFileReference section */
		CE2967B829A01D630090F801 /* WordleClone.app */ = {isa = PBXFileReference; explicitFileType = wrapper.application; includeInIndex = 0; path = WordleClone.app; sourceTree = BUILT_PRODUCTS_DIR; };
		CE2967BB29A01D630090F801 /* WordleCloneApp.swift */ = {isa = PBXFileReference; lastKnownFileType = sourcecode.swift; path = WordleCloneApp.swift; sourceTree = "<group>"; };
		CE2967BD29A01D630090F801 /* ContentView.swift */ = {isa = PBXFileReference; lastKnownFileType = sourcecode.swift; path = ContentView.swift; sourceTree = "<group>"; };
		CE2967BF29A01D640090F801 /* Assets.xcassets */ = {isa = PBXFileReference; lastKnownFileType = folder.assetcatalog; path = Assets.xcassets; sourceTree = "<group>"; };
		CE2967C229A01D640090F801 /* Preview Assets.xcassets */ = {isa = PBXFileReference; lastKnownFileType = folder.assetcatalog; path = "Preview Assets.xcassets"; sourceTree = "<group>"; };
		CE2967C929A01D910090F801 /* sample list of words.swift */ = {isa = PBXFileReference; lastKnownFileType = sourcecode.swift; path = "sample list of words.swift"; sourceTree = "<group>"; };
		CE2967CC29A01EB50090F801 /* LetterBox.swift */ = {isa = PBXFileReference; lastKnownFileType = sourcecode.swift; path = LetterBox.swift; sourceTree = "<group>"; };
		CE2967D029A021670090F801 /* Game.swift */ = {isa = PBXFileReference; lastKnownFileType = sourcecode.swift; path = Game.swift; sourceTree = "<group>"; };
		CE2967D229A02A370090F801 /* Models.swift */ = {isa = PBXFileReference; lastKnownFileType = sourcecode.swift; path = Models.swift; sourceTree = "<group>"; };
		CE2967D429A103E60090F801 /* GameBoard.swift */ = {isa = PBXFileReference; lastKnownFileType = sourcecode.swift; path = GameBoard.swift; sourceTree = "<group>"; };
		CE2967D629A14A370090F801 /* GameRow.swift */ = {isa = PBXFileReference; lastKnownFileType = sourcecode.swift; path = GameRow.swift; sourceTree = "<group>"; };
/* End PBXFileReference section */

/* Begin PBXFrameworksBuildPhase section */
		CE2967B529A01D630090F801 /* Frameworks */ = {
			isa = PBXFrameworksBuildPhase;
			buildActionMask = 2147483647;
			files = (
			);
			runOnlyForDeploymentPostprocessing = 0;
		};
/* End PBXFrameworksBuildPhase section */

/* Begin PBXGroup section */
		CE2967AF29A01D630090F801 = {
			isa = PBXGroup;
			children = (
				CE2967BA29A01D630090F801 /* WordleClone */,
				CE2967B929A01D630090F801 /* Products */,
			);
			sourceTree = "<group>";
		};
		CE2967B929A01D630090F801 /* Products */ = {
			isa = PBXGroup;
			children = (
				CE2967B829A01D630090F801 /* WordleClone.app */,
			);
			name = Products;
			sourceTree = "<group>";
		};
		CE2967BA29A01D630090F801 /* WordleClone */ = {
			isa = PBXGroup;
			children = (
				CE2967CF29A021540090F801 /* ViewModels */,
				CE2967CE29A020D50090F801 /* Models */,
				CE2967BB29A01D630090F801 /* WordleCloneApp.swift */,
				CE2967CB29A01E9E0090F801 /* Views */,
				CE2967BF29A01D640090F801 /* Assets.xcassets */,
				CE2967C129A01D640090F801 /* Preview Content */,
			);
			path = WordleClone;
			sourceTree = "<group>";
		};
		CE2967C129A01D640090F801 /* Preview Content */ = {
			isa = PBXGroup;
			children = (
				CE2967C229A01D640090F801 /* Preview Assets.xcassets */,
			);
			path = "Preview Content";
			sourceTree = "<group>";
		};
		CE2967CB29A01E9E0090F801 /* Views */ = {
			isa = PBXGroup;
			children = (
				CE2967BD29A01D630090F801 /* ContentView.swift */,
				CE2967D429A103E60090F801 /* GameBoard.swift */,
				CE2967D629A14A370090F801 /* GameRow.swift */,
				CE2967CC29A01EB50090F801 /* LetterBox.swift */,
			);
			path = Views;
			sourceTree = "<group>";
		};
		CE2967CE29A020D50090F801 /* Models */ = {
			isa = PBXGroup;
			children = (
				CE2967C929A01D910090F801 /* sample list of words.swift */,
				CE2967D229A02A370090F801 /* Models.swift */,
			);
			path = Models;
			sourceTree = "<group>";
		};
		CE2967CF29A021540090F801 /* ViewModels */ = {
			isa = PBXGroup;
			children = (
				CE2967D029A021670090F801 /* Game.swift */,
			);
			path = ViewModels;
			sourceTree = "<group>";
		};
/* End PBXGroup section */

/* Begin PBXNativeTarget section */
		CE2967B729A01D630090F801 /* WordleClone */ = {
			isa = PBXNativeTarget;
			buildConfigurationList = CE2967C629A01D640090F801 /* Build configuration list for PBXNativeTarget "WordleClone" */;
			buildPhases = (
				CE2967B429A01D630090F801 /* Sources */,
				CE2967B529A01D630090F801 /* Frameworks */,
				CE2967B629A01D630090F801 /* Resources */,
			);
			buildRules = (
			);
			dependencies = (
			);
			name = WordleClone;
			productName = WordleClone;
			productReference = CE2967B829A01D630090F801 /* WordleClone.app */;
			productType = "com.apple.product-type.application";
		};
/* End PBXNativeTarget section */

/* Begin PBXProject section */
		CE2967B029A01D630090F801 /* Project object */ = {
			isa = PBXProject;
			attributes = {
				BuildIndependentTargetsInParallel = 1;
				LastSwiftUpdateCheck = 1420;
				LastUpgradeCheck = 1420;
				TargetAttributes = {
					CE2967B729A01D630090F801 = {
						CreatedOnToolsVersion = 14.2;
					};
				};
			};
			buildConfigurationList = CE2967B329A01D630090F801 /* Build configuration list for PBXProject "WordleClone" */;
			compatibilityVersion = "Xcode 14.0";
			developmentRegion = en;
			hasScannedForEncodings = 0;
			knownRegions = (
				en,
				Base,
			);
			mainGroup = CE2967AF29A01D630090F801;
			productRefGroup = CE2967B929A01D630090F801 /* Products */;
			projectDirPath = "";
			projectRoot = "";
			targets = (
				CE2967B729A01D630090F801 /* WordleClone */,
			);
		};
/* End PBXProject section */

/* Begin PBXResourcesBuildPhase section */
		CE2967B629A01D630090F801 /* Resources */ = {
			isa = PBXResourcesBuildPhase;
			buildActionMask = 2147483647;
			files = (
				CE2967C329A01D640090F801 /* Preview Assets.xcassets in Resources */,
				CE2967C029A01D640090F801 /* Assets.xcassets in Resources */,
			);
			runOnlyForDeploymentPostprocessing = 0;
		};
/* End PBXResourcesBuildPhase section */

/* Begin PBXSourcesBuildPhase section */
		CE2967B429A01D630090F801 /* Sources */ = {
			isa = PBXSourcesBuildPhase;
			buildActionMask = 2147483647;
			files = (
				CE2967CA29A01D910090F801 /* sample list of words.swift in Sources */,
				CE2967D129A021670090F801 /* Game.swift in Sources */,
				CE2967D729A14A370090F801 /* GameRow.swift in Sources */,
				CE2967BE29A01D630090F801 /* ContentView.swift in Sources */,
				CE2967D529A103E60090F801 /* GameBoard.swift in Sources */,
				CE2967D329A02A370090F801 /* Models.swift in Sources */,
				CE2967BC29A01D630090F801 /* WordleCloneApp.swift in Sources */,
				CE2967CD29A01EB50090F801 /* LetterBox.swift in Sources */,
			);
			runOnlyForDeploymentPostprocessing = 0;
		};
/* End PBXSourcesBuildPhase section */

/* Begin XCBuildConfiguration section */
		CE2967C429A01D640090F801 /* Debug */ = {
			isa = XCBuildConfiguration;
			buildSettings = {
				ALWAYS_SEARCH_USER_PATHS = NO;
				CLANG_ANALYZER_NONNULL = YES;
				CLANG_ANALYZER_NUMBER_OBJECT_CONVERSION = YES_AGGRESSIVE;
				CLANG_CXX_LANGUAGE_STANDARD = "gnu++20";
				CLANG_ENABLE_MODULES = YES;
				CLANG_ENABLE_OBJC_ARC = YES;
				CLANG_ENABLE_OBJC_WEAK = YES;
				CLANG_WARN_BLOCK_CAPTURE_AUTORELEASING = YES;
				CLANG_WARN_BOOL_CONVERSION = YES;
				CLANG_WARN_COMMA = YES;
				CLANG_WARN_CONSTANT_CONVERSION = YES;
				CLANG_WARN_DEPRECATED_OBJC_IMPLEMENTATIONS = YES;
				CLANG_WARN_DIRECT_OBJC_ISA_USAGE = YES_ERROR;
				CLANG_WARN_DOCUMENTATION_COMMENTS = YES;
				CLANG_WARN_EMPTY_BODY = YES;
				CLANG_WARN_ENUM_CONVERSION = YES;
				CLANG_WARN_INFINITE_RECURSION = YES;
				CLANG_WARN_INT_CONVERSION = YES;
				CLANG_WARN_NON_LITERAL_NULL_CONVERSION = YES;
				CLANG_WARN_OBJC_IMPLICIT_RETAIN_SELF = YES;
				CLANG_WARN_OBJC_LITERAL_CONVERSION = YES;
				CLANG_WARN_OBJC_ROOT_CLASS = YES_ERROR;
				CLANG_WARN_QUOTED_INCLUDE_IN_FRAMEWORK_HEADER = YES;
				CLANG_WARN_RANGE_LOOP_ANALYSIS = YES;
				CLANG_WARN_STRICT_PROTOTYPES = YES;
				CLANG_WARN_SUSPICIOUS_MOVE = YES;
				CLANG_WARN_UNGUARDED_AVAILABILITY = YES_AGGRESSIVE;
				CLANG_WARN_UNREACHABLE_CODE = YES;
				CLANG_WARN__DUPLICATE_METHOD_MATCH = YES;
				COPY_PHASE_STRIP = NO;
				DEBUG_INFORMATION_FORMAT = dwarf;
				ENABLE_STRICT_OBJC_MSGSEND = YES;
				ENABLE_TESTABILITY = YES;
				GCC_C_LANGUAGE_STANDARD = gnu11;
				GCC_DYNAMIC_NO_PIC = NO;
				GCC_NO_COMMON_BLOCKS = YES;
				GCC_OPTIMIZATION_LEVEL = 0;
				GCC_PREPROCESSOR_DEFINITIONS = (
					"DEBUG=1",
					"$(inherited)",
				);
				GCC_WARN_64_TO_32_BIT_CONVERSION = YES;
				GCC_WARN_ABOUT_RETURN_TYPE = YES_ERROR;
				GCC_WARN_UNDECLARED_SELECTOR = YES;
				GCC_WARN_UNINITIALIZED_AUTOS = YES_AGGRESSIVE;
				GCC_WARN_UNUSED_FUNCTION = YES;
				GCC_WARN_UNUSED_VARIABLE = YES;
				IPHONEOS_DEPLOYMENT_TARGET = 16.2;
				MTL_ENABLE_DEBUG_INFO = INCLUDE_SOURCE;
				MTL_FAST_MATH = YES;
				ONLY_ACTIVE_ARCH = YES;
				SDKROOT = iphoneos;
				SWIFT_ACTIVE_COMPILATION_CONDITIONS = DEBUG;
				SWIFT_OPTIMIZATION_LEVEL = "-Onone";
			};
			name = Debug;
		};
		CE2967C529A01D640090F801 /* Release */ = {
			isa = XCBuildConfiguration;
			buildSettings = {
				ALWAYS_SEARCH_USER_PATHS = NO;
				CLANG_ANALYZER_NONNULL = YES;
				CLANG_ANALYZER_NUMBER_OBJECT_CONVERSION = YES_AGGRESSIVE;
				CLANG_CXX_LANGUAGE_STANDARD = "gnu++20";
				CLANG_ENABLE_MODULES = YES;
				CLANG_ENABLE_OBJC_ARC = YES;
				CLANG_ENABLE_OBJC_WEAK = YES;
				CLANG_WARN_BLOCK_CAPTURE_AUTORELEASING = YES;
				CLANG_WARN_BOOL_CONVERSION = YES;
				CLANG_WARN_COMMA = YES;
				CLANG_WARN_CONSTANT_CONVERSION = YES;
				CLANG_WARN_DEPRECATED_OBJC_IMPLEMENTATIONS = YES;
				CLANG_WARN_DIRECT_OBJC_ISA_USAGE = YES_ERROR;
				CLANG_WARN_DOCUMENTATION_COMMENTS = YES;
				CLANG_WARN_EMPTY_BODY = YES;
				CLANG_WARN_ENUM_CONVERSION = YES;
				CLANG_WARN_INFINITE_RECURSION = YES;
				CLANG_WARN_INT_CONVERSION = YES;
				CLANG_WARN_NON_LITERAL_NULL_CONVERSION = YES;
				CLANG_WARN_OBJC_IMPLICIT_RETAIN_SELF = YES;
				CLANG_WARN_OBJC_LITERAL_CONVERSION = YES;
				CLANG_WARN_OBJC_ROOT_CLASS = YES_ERROR;
				CLANG_WARN_QUOTED_INCLUDE_IN_FRAMEWORK_HEADER = YES;
				CLANG_WARN_RANGE_LOOP_ANALYSIS = YES;
				CLANG_WARN_STRICT_PROTOTYPES = YES;
				CLANG_WARN_SUSPICIOUS_MOVE = YES;
				CLANG_WARN_UNGUARDED_AVAILABILITY = YES_AGGRESSIVE;
				CLANG_WARN_UNREACHABLE_CODE = YES;
				CLANG_WARN__DUPLICATE_METHOD_MATCH = YES;
				COPY_PHASE_STRIP = NO;
				DEBUG_INFORMATION_FORMAT = "dwarf-with-dsym";
				ENABLE_NS_ASSERTIONS = NO;
				ENABLE_STRICT_OBJC_MSGSEND = YES;
				GCC_C_LANGUAGE_STANDARD = gnu11;
				GCC_NO_COMMON_BLOCKS = YES;
				GCC_WARN_64_TO_32_BIT_CONVERSION = YES;
				GCC_WARN_ABOUT_RETURN_TYPE = YES_ERROR;
				GCC_WARN_UNDECLARED_SELECTOR = YES;
				GCC_WARN_UNINITIALIZED_AUTOS = YES_AGGRESSIVE;
				GCC_WARN_UNUSED_FUNCTION = YES;
				GCC_WARN_UNUSED_VARIABLE = YES;
				IPHONEOS_DEPLOYMENT_TARGET = 16.2;
				MTL_ENABLE_DEBUG_INFO = NO;
				MTL_FAST_MATH = YES;
				SDKROOT = iphoneos;
				SWIFT_COMPILATION_MODE = wholemodule;
				SWIFT_OPTIMIZATION_LEVEL = "-O";
				VALIDATE_PRODUCT = YES;
			};
			name = Release;
		};
		CE2967C729A01D640090F801 /* Debug */ = {
			isa = XCBuildConfiguration;
			buildSettings = {
				ASSETCATALOG_COMPILER_APPICON_NAME = AppIcon;
				ASSETCATALOG_COMPILER_GLOBAL_ACCENT_COLOR_NAME = AccentColor;
				CODE_SIGN_STYLE = Automatic;
				CURRENT_PROJECT_VERSION = 1;
				DEVELOPMENT_ASSET_PATHS = "\"WordleClone/Preview Content\"";
				DEVELOPMENT_TEAM = SLB347Y94F;
				ENABLE_PREVIEWS = YES;
				GENERATE_INFOPLIST_FILE = YES;
				INFOPLIST_KEY_UIApplicationSceneManifest_Generation = YES;
				INFOPLIST_KEY_UIApplicationSupportsIndirectInputEvents = YES;
				INFOPLIST_KEY_UILaunchScreen_Generation = YES;
				INFOPLIST_KEY_UISupportedInterfaceOrientations_iPad = "UIInterfaceOrientationPortrait UIInterfaceOrientationPortraitUpsideDown UIInterfaceOrientationLandscapeLeft UIInterfaceOrientationLandscapeRight";
				INFOPLIST_KEY_UISupportedInterfaceOrientations_iPhone = "UIInterfaceOrientationPortrait UIInterfaceOrientationLandscapeLeft UIInterfaceOrientationLandscapeRight";
				LD_RUNPATH_SEARCH_PATHS = (
					"$(inherited)",
					"@executable_path/Frameworks",
				);
				MARKETING_VERSION = 1.0;
				PRODUCT_BUNDLE_IDENTIFIER = info.arthurford.WordleClone;
				PRODUCT_NAME = "$(TARGET_NAME)";
				SWIFT_EMIT_LOC_STRINGS = YES;
				SWIFT_VERSION = 5.0;
				TARGETED_DEVICE_FAMILY = "1,2";
			};
			name = Debug;
		};
		CE2967C829A01D640090F801 /* Release */ = {
			isa = XCBuildConfiguration;
			buildSettings = {
				ASSETCATALOG_COMPILER_APPICON_NAME = AppIcon;
				ASSETCATALOG_COMPILER_GLOBAL_ACCENT_COLOR_NAME = AccentColor;
				CODE_SIGN_STYLE = Automatic;
				CURRENT_PROJECT_VERSION = 1;
				DEVELOPMENT_ASSET_PATHS = "\"WordleClone/Preview Content\"";
				DEVELOPMENT_TEAM = SLB347Y94F;
				ENABLE_PREVIEWS = YES;
				GENERATE_INFOPLIST_FILE = YES;
				INFOPLIST_KEY_UIApplicationSceneManifest_Generation = YES;
				INFOPLIST_KEY_UIApplicationSupportsIndirectInputEvents = YES;
				INFOPLIST_KEY_UILaunchScreen_Generation = YES;
				INFOPLIST_KEY_UISupportedInterfaceOrientations_iPad = "UIInterfaceOrientationPortrait UIInterfaceOrientationPortraitUpsideDown UIInterfaceOrientationLandscapeLeft UIInterfaceOrientationLandscapeRight";
				INFOPLIST_KEY_UISupportedInterfaceOrientations_iPhone = "UIInterfaceOrientationPortrait UIInterfaceOrientationLandscapeLeft UIInterfaceOrientationLandscapeRight";
				LD_RUNPATH_SEARCH_PATHS = (
					"$(inherited)",
					"@executable_path/Frameworks",
				);
				MARKETING_VERSION = 1.0;
				PRODUCT_BUNDLE_IDENTIFIER = info.arthurford.WordleClone;
				PRODUCT_NAME = "$(TARGET_NAME)";
				SWIFT_EMIT_LOC_STRINGS = YES;
				SWIFT_VERSION = 5.0;
				TARGETED_DEVICE_FAMILY = "1,2";
			};
			name = Release;
		};
/* End XCBuildConfiguration section */

/* Begin XCConfigurationList section */
		CE2967B329A01D630090F801 /* Build configuration list for PBXProject "WordleClone" */ = {
			isa = XCConfigurationList;
			buildConfigurations = (
				CE2967C429A01D640090F801 /* Debug */,
				CE2967C529A01D640090F801 /* Release */,
			);
			defaultConfigurationIsVisible = 0;
			defaultConfigurationName = Release;
		};
		CE2967C629A01D640090F801 /* Build configuration list for PBXNativeTarget "WordleClone" */ = {
			isa = XCConfigurationList;
			buildConfigurations = (
				CE2967C729A01D640090F801 /* Debug */,
				CE2967C829A01D640090F801 /* Release */,
			);
			defaultConfigurationIsVisible = 0;
			defaultConfigurationName = Release;
		};
/* End XCConfigurationList section */
	};
	rootObject = CE2967B029A01D630090F801 /* Project object */;
}
